// !$*UTF8*$!
{
	archiveVersion = 1;
	classes = {
	};
	objectVersion = 46;
	objects = {

/* Begin PBXBuildFile section */
		69B311B5193887220097C44A /* Foundation.framework in Frameworks */ = {isa = PBXBuildFile; fileRef = 69B311B4193887220097C44A /* Foundation.framework */; };
		69B311B7193887220097C44A /* CoreGraphics.framework in Frameworks */ = {isa = PBXBuildFile; fileRef = 69B311B6193887220097C44A /* CoreGraphics.framework */; };
		69B311B9193887220097C44A /* UIKit.framework in Frameworks */ = {isa = PBXBuildFile; fileRef = 69B311B8193887220097C44A /* UIKit.framework */; };
		69B311BF193887220097C44A /* InfoPlist.strings in Resources */ = {isa = PBXBuildFile; fileRef = 69B311BD193887220097C44A /* InfoPlist.strings */; };
		69B311C1193887220097C44A /* main.m in Sources */ = {isa = PBXBuildFile; fileRef = 69B311C0193887220097C44A /* main.m */; };
		69B311C5193887220097C44A /* AppDelegate.m in Sources */ = {isa = PBXBuildFile; fileRef = 69B311C4193887220097C44A /* AppDelegate.m */; };
		69B311C8193887220097C44A /* Main_iPhone.storyboard in Resources */ = {isa = PBXBuildFile; fileRef = 69B311C6193887220097C44A /* Main_iPhone.storyboard */; };
		69B311CB193887220097C44A /* Main_iPad.storyboard in Resources */ = {isa = PBXBuildFile; fileRef = 69B311C9193887220097C44A /* Main_iPad.storyboard */; };
		69B311CE193887220097C44A /* ViewController.m in Sources */ = {isa = PBXBuildFile; fileRef = 69B311CD193887220097C44A /* ViewController.m */; };
		69B311D0193887220097C44A /* Images.xcassets in Resources */ = {isa = PBXBuildFile; fileRef = 69B311CF193887220097C44A /* Images.xcassets */; };
		69B311D7193887220097C44A /* XCTest.framework in Frameworks */ = {isa = PBXBuildFile; fileRef = 69B311D6193887220097C44A /* XCTest.framework */; };
		69B311D8193887220097C44A /* Foundation.framework in Frameworks */ = {isa = PBXBuildFile; fileRef = 69B311B4193887220097C44A /* Foundation.framework */; };
		69B311D9193887220097C44A /* UIKit.framework in Frameworks */ = {isa = PBXBuildFile; fileRef = 69B311B8193887220097C44A /* UIKit.framework */; };
		69B311E1193887220097C44A /* InfoPlist.strings in Resources */ = {isa = PBXBuildFile; fileRef = 69B311DF193887220097C44A /* InfoPlist.strings */; };
		69B311E3193887220097C44A /* NetworkLabTests.m in Sources */ = {isa = PBXBuildFile; fileRef = 69B311E2193887220097C44A /* NetworkLabTests.m */; };
/* End PBXBuildFile section */

/* Begin PBXContainerItemProxy section */
		69B311DA193887220097C44A /* PBXContainerItemProxy */ = {
			isa = PBXContainerItemProxy;
			containerPortal = 69B311A9193887220097C44A /* Project object */;
			proxyType = 1;
			remoteGlobalIDString = 69B311B0193887220097C44A;
			remoteInfo = NetworkLab;
		};
/* End PBXContainerItemProxy section */

/* Begin PBXFileReference section */
		69B311B1193887220097C44A /* NetworkLab.app */ = {isa = PBXFileReference; explicitFileType = wrapper.application; includeInIndex = 0; path = NetworkLab.app; sourceTree = BUILT_PRODUCTS_DIR; };
		69B311B4193887220097C44A /* Foundation.framework */ = {isa = PBXFileReference; lastKnownFileType = wrapper.framework; name = Foundation.framework; path = System/Library/Frameworks/Foundation.framework; sourceTree = SDKROOT; };
		69B311B6193887220097C44A /* CoreGraphics.framework */ = {isa = PBXFileReference; lastKnownFileType = wrapper.framework; name = CoreGraphics.framework; path = System/Library/Frameworks/CoreGraphics.framework; sourceTree = SDKROOT; };
		69B311B8193887220097C44A /* UIKit.framework */ = {isa = PBXFileReference; lastKnownFileType = wrapper.framework; name = UIKit.framework; path = System/Library/Frameworks/UIKit.framework; sourceTree = SDKROOT; };
		69B311BC193887220097C44A /* NetworkLab-Info.plist */ = {isa = PBXFileReference; lastKnownFileType = text.plist.xml; path = "NetworkLab-Info.plist"; sourceTree = "<group>"; };
		69B311BE193887220097C44A /* en */ = {isa = PBXFileReference; lastKnownFileType = text.plist.strings; name = en; path = en.lproj/InfoPlist.strings; sourceTree = "<group>"; };
		69B311C0193887220097C44A /* main.m */ = {isa = PBXFileReference; lastKnownFileType = sourcecode.c.objc; path = main.m; sourceTree = "<group>"; };
		69B311C2193887220097C44A /* NetworkLab-Prefix.pch */ = {isa = PBXFileReference; lastKnownFileType = sourcecode.c.h; path = "NetworkLab-Prefix.pch"; sourceTree = "<group>"; };
		69B311C3193887220097C44A /* AppDelegate.h */ = {isa = PBXFileReference; lastKnownFileType = sourcecode.c.h; path = AppDelegate.h; sourceTree = "<group>"; };
		69B311C4193887220097C44A /* AppDelegate.m */ = {isa = PBXFileReference; lastKnownFileType = sourcecode.c.objc; path = AppDelegate.m; sourceTree = "<group>"; };
		69B311C7193887220097C44A /* Base */ = {isa = PBXFileReference; lastKnownFileType = file.storyboard; name = Base; path = Base.lproj/Main_iPhone.storyboard; sourceTree = "<group>"; };
		69B311CA193887220097C44A /* Base */ = {isa = PBXFileReference; lastKnownFileType = file.storyboard; name = Base; path = Base.lproj/Main_iPad.storyboard; sourceTree = "<group>"; };
		69B311CC193887220097C44A /* ViewController.h */ = {isa = PBXFileReference; lastKnownFileType = sourcecode.c.h; path = ViewController.h; sourceTree = "<group>"; };
		69B311CD193887220097C44A /* ViewController.m */ = {isa = PBXFileReference; lastKnownFileType = sourcecode.c.objc; path = ViewController.m; sourceTree = "<group>"; };
		69B311CF193887220097C44A /* Images.xcassets */ = {isa = PBXFileReference; lastKnownFileType = folder.assetcatalog; path = Images.xcassets; sourceTree = "<group>"; };
		69B311D5193887220097C44A /* NetworkLabTests.xctest */ = {isa = PBXFileReference; explicitFileType = wrapper.cfbundle; includeInIndex = 0; path = NetworkLabTests.xctest; sourceTree = BUILT_PRODUCTS_DIR; };
		69B311D6193887220097C44A /* XCTest.framework */ = {isa = PBXFileReference; lastKnownFileType = wrapper.framework; name = XCTest.framework; path = Library/Frameworks/XCTest.framework; sourceTree = DEVELOPER_DIR; };
		69B311DE193887220097C44A /* NetworkLabTests-Info.plist */ = {isa = PBXFileReference; lastKnownFileType = text.plist.xml; path = "NetworkLabTests-Info.plist"; sourceTree = "<group>"; };
		69B311E0193887220097C44A /* en */ = {isa = PBXFileReference; lastKnownFileType = text.plist.strings; name = en; path = en.lproj/InfoPlist.strings; sourceTree = "<group>"; };
		69B311E2193887220097C44A /* NetworkLabTests.m */ = {isa = PBXFileReference; lastKnownFileType = sourcecode.c.objc; path = NetworkLabTests.m; sourceTree = "<group>"; };
/* End PBXFileReference section */

/* Begin PBXFrameworksBuildPhase section */
		69B311AE193887220097C44A /* Frameworks */ = {
			isa = PBXFrameworksBuildPhase;
			buildActionMask = 2147483647;
			files = (
				69B311B7193887220097C44A /* CoreGraphics.framework in Frameworks */,
				69B311B9193887220097C44A /* UIKit.framework in Frameworks */,
				69B311B5193887220097C44A /* Foundation.framework in Frameworks */,
			);
			runOnlyForDeploymentPostprocessing = 0;
		};
		69B311D2193887220097C44A /* Frameworks */ = {
			isa = PBXFrameworksBuildPhase;
			buildActionMask = 2147483647;
			files = (
				69B311D7193887220097C44A /* XCTest.framework in Frameworks */,
				69B311D9193887220097C44A /* UIKit.framework in Frameworks */,
				69B311D8193887220097C44A /* Foundation.framework in Frameworks */,
			);
			runOnlyForDeploymentPostprocessing = 0;
		};
/* End PBXFrameworksBuildPhase section */

/* Begin PBXGroup section */
		69B311A8193887220097C44A = {
			isa = PBXGroup;
			children = (
				69B311BA193887220097C44A /* NetworkLab */,
				69B311DC193887220097C44A /* NetworkLabTests */,
				69B311B3193887220097C44A /* Frameworks */,
				69B311B2193887220097C44A /* Products */,
			);
			sourceTree = "<group>";
		};
		69B311B2193887220097C44A /* Products */ = {
			isa = PBXGroup;
			children = (
				69B311B1193887220097C44A /* NetworkLab.app */,
				69B311D5193887220097C44A /* NetworkLabTests.xctest */,
			);
			name = Products;
			sourceTree = "<group>";
		};
		69B311B3193887220097C44A /* Frameworks */ = {
			isa = PBXGroup;
			children = (
				69B311B4193887220097C44A /* Foundation.framework */,
				69B311B6193887220097C44A /* CoreGraphics.framework */,
				69B311B8193887220097C44A /* UIKit.framework */,
				69B311D6193887220097C44A /* XCTest.framework */,
			);
			name = Frameworks;
			sourceTree = "<group>";
		};
		69B311BA193887220097C44A /* NetworkLab */ = {
			isa = PBXGroup;
			children = (
				69B311C3193887220097C44A /* AppDelegate.h */,
				69B311C4193887220097C44A /* AppDelegate.m */,
				69B311C6193887220097C44A /* Main_iPhone.storyboard */,
				69B311C9193887220097C44A /* Main_iPad.storyboard */,
				69B311CC193887220097C44A /* ViewController.h */,
				69B311CD193887220097C44A /* ViewController.m */,
				69B311CF193887220097C44A /* Images.xcassets */,
				69B311BB193887220097C44A /* Supporting Files */,
			);
			path = NetworkLab;
			sourceTree = "<group>";
		};
		69B311BB193887220097C44A /* Supporting Files */ = {
			isa = PBXGroup;
			children = (
				69B311BC193887220097C44A /* NetworkLab-Info.plist */,
				69B311BD193887220097C44A /* InfoPlist.strings */,
				69B311C0193887220097C44A /* main.m */,
				69B311C2193887220097C44A /* NetworkLab-Prefix.pch */,
			);
			name = "Supporting Files";
			sourceTree = "<group>";
		};
		69B311DC193887220097C44A /* NetworkLabTests */ = {
			isa = PBXGroup;
			children = (
				69B311E2193887220097C44A /* NetworkLabTests.m */,
				69B311DD193887220097C44A /* Supporting Files */,
			);
			path = NetworkLabTests;
			sourceTree = "<group>";
		};
		69B311DD193887220097C44A /* Supporting Files */ = {
			isa = PBXGroup;
			children = (
				69B311DE193887220097C44A /* NetworkLabTests-Info.plist */,
				69B311DF193887220097C44A /* InfoPlist.strings */,
			);
			name = "Supporting Files";
			sourceTree = "<group>";
		};
/* End PBXGroup section */

/* Begin PBXNativeTarget section */
		69B311B0193887220097C44A /* NetworkLab */ = {
			isa = PBXNativeTarget;
			buildConfigurationList = 69B311E6193887220097C44A /* Build configuration list for PBXNativeTarget "NetworkLab" */;
			buildPhases = (
				69B311AD193887220097C44A /* Sources */,
				69B311AE193887220097C44A /* Frameworks */,
				69B311AF193887220097C44A /* Resources */,
			);
			buildRules = (
			);
			dependencies = (
			);
			name = NetworkLab;
			productName = NetworkLab;
			productReference = 69B311B1193887220097C44A /* NetworkLab.app */;
			productType = "com.apple.product-type.application";
		};
		69B311D4193887220097C44A /* NetworkLabTests */ = {
			isa = PBXNativeTarget;
			buildConfigurationList = 69B311E9193887220097C44A /* Build configuration list for PBXNativeTarget "NetworkLabTests" */;
			buildPhases = (
				69B311D1193887220097C44A /* Sources */,
				69B311D2193887220097C44A /* Frameworks */,
				69B311D3193887220097C44A /* Resources */,
			);
			buildRules = (
			);
			dependencies = (
				69B311DB193887220097C44A /* PBXTargetDependency */,
			);
			name = NetworkLabTests;
			productName = NetworkLabTests;
			productReference = 69B311D5193887220097C44A /* NetworkLabTests.xctest */;
			productType = "com.apple.product-type.bundle.unit-test";
		};
/* End PBXNativeTarget section */

/* Begin PBXProject section */
		69B311A9193887220097C44A /* Project object */ = {
			isa = PBXProject;
			attributes = {
				LastUpgradeCheck = 0510;
				ORGANIZATIONNAME = "IMGNRY International AB";
				TargetAttributes = {
					69B311D4193887220097C44A = {
						TestTargetID = 69B311B0193887220097C44A;
					};
				};
			};
			buildConfigurationList = 69B311AC193887220097C44A /* Build configuration list for PBXProject "NetworkLab" */;
			compatibilityVersion = "Xcode 3.2";
			developmentRegion = English;
			hasScannedForEncodings = 0;
			knownRegions = (
				en,
				Base,
			);
			mainGroup = 69B311A8193887220097C44A;
			productRefGroup = 69B311B2193887220097C44A /* Products */;
			projectDirPath = "";
			projectRoot = "";
			targets = (
				69B311B0193887220097C44A /* NetworkLab */,
				69B311D4193887220097C44A /* NetworkLabTests */,
			);
		};
/* End PBXProject section */

/* Begin PBXResourcesBuildPhase section */
		69B311AF193887220097C44A /* Resources */ = {
			isa = PBXResourcesBuildPhase;
			buildActionMask = 2147483647;
			files = (
				69B311CB193887220097C44A /* Main_iPad.storyboard in Resources */,
				69B311D0193887220097C44A /* Images.xcassets in Resources */,
				69B311C8193887220097C44A /* Main_iPhone.storyboard in Resources */,
				69B311BF193887220097C44A /* InfoPlist.strings in Resources */,
			);
			runOnlyForDeploymentPostprocessing = 0;
		};
		69B311D3193887220097C44A /* Resources */ = {
			isa = PBXResourcesBuildPhase;
			buildActionMask = 2147483647;
			files = (
				69B311E1193887220097C44A /* InfoPlist.strings in Resources */,
			);
			runOnlyForDeploymentPostprocessing = 0;
		};
/* End PBXResourcesBuildPhase section */

/* Begin PBXSourcesBuildPhase section */
		69B311AD193887220097C44A /* Sources */ = {
			isa = PBXSourcesBuildPhase;
			buildActionMask = 2147483647;
			files = (
				69B311CE193887220097C44A /* ViewController.m in Sources */,
				69B311C5193887220097C44A /* AppDelegate.m in Sources */,
				69B311C1193887220097C44A /* main.m in Sources */,
			);
			runOnlyForDeploymentPostprocessing = 0;
		};
		69B311D1193887220097C44A /* Sources */ = {
			isa = PBXSourcesBuildPhase;
			buildActionMask = 2147483647;
			files = (
				69B311E3193887220097C44A /* NetworkLabTests.m in Sources */,
			);
			runOnlyForDeploymentPostprocessing = 0;
		};
/* End PBXSourcesBuildPhase section */

/* Begin PBXTargetDependency section */
		69B311DB193887220097C44A /* PBXTargetDependency */ = {
			isa = PBXTargetDependency;
			target = 69B311B0193887220097C44A /* NetworkLab */;
			targetProxy = 69B311DA193887220097C44A /* PBXContainerItemProxy */;
		};
/* End PBXTargetDependency section */

/* Begin PBXVariantGroup section */
		69B311BD193887220097C44A /* InfoPlist.strings */ = {
			isa = PBXVariantGroup;
			children = (
				69B311BE193887220097C44A /* en */,
			);
			name = InfoPlist.strings;
			sourceTree = "<group>";
		};
		69B311C6193887220097C44A /* Main_iPhone.storyboard */ = {
			isa = PBXVariantGroup;
			children = (
				69B311C7193887220097C44A /* Base */,
			);
			name = Main_iPhone.storyboard;
			sourceTree = "<group>";
		};
		69B311C9193887220097C44A /* Main_iPad.storyboard */ = {
			isa = PBXVariantGroup;
			children = (
				69B311CA193887220097C44A /* Base */,
			);
			name = Main_iPad.storyboard;
			sourceTree = "<group>";
		};
		69B311DF193887220097C44A /* InfoPlist.strings */ = {
			isa = PBXVariantGroup;
			children = (
				69B311E0193887220097C44A /* en */,
			);
			name = InfoPlist.strings;
			sourceTree = "<group>";
		};
/* End PBXVariantGroup section */

/* Begin XCBuildConfiguration section */
		69B311E4193887220097C44A /* Debug */ = {
			isa = XCBuildConfiguration;
			buildSettings = {
				ALWAYS_SEARCH_USER_PATHS = NO;
				CLANG_CXX_LANGUAGE_STANDARD = "gnu++0x";
				CLANG_CXX_LIBRARY = "libc++";
				CLANG_ENABLE_MODULES = YES;
				CLANG_ENABLE_OBJC_ARC = YES;
				CLANG_WARN_BOOL_CONVERSION = YES;
				CLANG_WARN_CONSTANT_CONVERSION = YES;
				CLANG_WARN_DIRECT_OBJC_ISA_USAGE = YES_ERROR;
				CLANG_WARN_EMPTY_BODY = YES;
				CLANG_WARN_ENUM_CONVERSION = YES;
				CLANG_WARN_INT_CONVERSION = YES;
				CLANG_WARN_OBJC_ROOT_CLASS = YES_ERROR;
				CLANG_WARN__DUPLICATE_METHOD_MATCH = YES;
				"CODE_SIGN_IDENTITY[sdk=iphoneos*]" = "iPhone Developer";
				COPY_PHASE_STRIP = NO;
				GCC_C_LANGUAGE_STANDARD = gnu99;
				GCC_DYNAMIC_NO_PIC = NO;
				GCC_OPTIMIZATION_LEVEL = 0;
				GCC_PREPROCESSOR_DEFINITIONS = (
					"DEBUG=1",
					"$(inherited)",
				);
				GCC_SYMBOLS_PRIVATE_EXTERN = NO;
				GCC_WARN_64_TO_32_BIT_CONVERSION = YES;
				GCC_WARN_ABOUT_RETURN_TYPE = YES_ERROR;
				GCC_WARN_UNDECLARED_SELECTOR = YES;
				GCC_WARN_UNINITIALIZED_AUTOS = YES_AGGRESSIVE;
				GCC_WARN_UNUSED_FUNCTION = YES;
				GCC_WARN_UNUSED_VARIABLE = YES;
				IPHONEOS_DEPLOYMENT_TARGET = 7.1;
				ONLY_ACTIVE_ARCH = YES;
				SDKROOT = iphoneos;
				TARGETED_DEVICE_FAMILY = "1,2";
			};
			name = Debug;
		};
		69B311E5193887220097C44A /* Release */ = {
			isa = XCBuildConfiguration;
			buildSettings = {
				ALWAYS_SEARCH_USER_PATHS = NO;
				CLANG_CXX_LANGUAGE_STANDARD = "gnu++0x";
				CLANG_CXX_LIBRARY = "libc++";
				CLANG_ENABLE_MODULES = YES;
				CLANG_ENABLE_OBJC_ARC = YES;
				CLANG_WARN_BOOL_CONVERSION = YES;
				CLANG_WARN_CONSTANT_CONVERSION = YES;
				CLANG_WARN_DIRECT_OBJC_ISA_USAGE = YES_ERROR;
				CLANG_WARN_EMPTY_BODY = YES;
				CLANG_WARN_ENUM_CONVERSION = YES;
				CLANG_WARN_INT_CONVERSION = YES;
				CLANG_WARN_OBJC_ROOT_CLASS = YES_ERROR;
				CLANG_WARN__DUPLICATE_METHOD_MATCH = YES;
				"CODE_SIGN_IDENTITY[sdk=iphoneos*]" = "iPhone Developer";
				COPY_PHASE_STRIP = YES;
				ENABLE_NS_ASSERTIONS = NO;
				GCC_C_LANGUAGE_STANDARD = gnu99;
				GCC_WARN_64_TO_32_BIT_CONVERSION = YES;
				GCC_WARN_ABOUT_RETURN_TYPE = YES_ERROR;
				GCC_WARN_UNDECLARED_SELECTOR = YES;
				GCC_WARN_UNINITIALIZED_AUTOS = YES_AGGRESSIVE;
				GCC_WARN_UNUSED_FUNCTION = YES;
				GCC_WARN_UNUSED_VARIABLE = YES;
				IPHONEOS_DEPLOYMENT_TARGET = 7.1;
				SDKROOT = iphoneos;
				TARGETED_DEVICE_FAMILY = "1,2";
				VALIDATE_PRODUCT = YES;
			};
			name = Release;
		};
		69B311E7193887220097C44A /* Debug */ = {
			isa = XCBuildConfiguration;
			buildSettings = {
				ASSETCATALOG_COMPILER_APPICON_NAME = AppIcon;
				ASSETCATALOG_COMPILER_LAUNCHIMAGE_NAME = LaunchImage;
				GCC_PRECOMPILE_PREFIX_HEADER = YES;
				GCC_PREFIX_HEADER = "NetworkLab/NetworkLab-Prefix.pch";
				INFOPLIST_FILE = "NetworkLab/NetworkLab-Info.plist";
				PRODUCT_NAME = "$(TARGET_NAME)";
				WRAPPER_EXTENSION = app;
			};
			name = Debug;
		};
		69B311E8193887220097C44A /* Release */ = {
			isa = XCBuildConfiguration;
			buildSettings = {
				ASSETCATALOG_COMPILER_APPICON_NAME = AppIcon;
				ASSETCATALOG_COMPILER_LAUNCHIMAGE_NAME = LaunchImage;
				GCC_PRECOMPILE_PREFIX_HEADER = YES;
				GCC_PREFIX_HEADER = "NetworkLab/NetworkLab-Prefix.pch";
				INFOPLIST_FILE = "NetworkLab/NetworkLab-Info.plist";
				PRODUCT_NAME = "$(TARGET_NAME)";
				WRAPPER_EXTENSION = app;
			};
			name = Release;
		};
		69B311EA193887220097C44A /* Debug */ = {
			isa = XCBuildConfiguration;
			buildSettings = {
				BUNDLE_LOADER = "$(BUILT_PRODUCTS_DIR)/NetworkLab.app/NetworkLab";
				FRAMEWORK_SEARCH_PATHS = (
					"$(SDKROOT)/Developer/Library/Frameworks",
					"$(inherited)",
					"$(DEVELOPER_FRAMEWORKS_DIR)",
				);
				GCC_PRECOMPILE_PREFIX_HEADER = YES;
				GCC_PREFIX_HEADER = "NetworkLab/NetworkLab-Prefix.pch";
				GCC_PREPROCESSOR_DEFINITIONS = (
					"DEBUG=1",
					"$(inherited)",
				);
				INFOPLIST_FILE = "NetworkLabTests/NetworkLabTests-Info.plist";
				PRODUCT_NAME = "$(TARGET_NAME)";
				TEST_HOST = "$(BUNDLE_LOADER)";
				WRAPPER_EXTENSION = xctest;
			};
			name = Debug;
		};
		69B311EB193887220097C44A /* Release */ = {
			isa = XCBuildConfiguration;
			buildSettings = {
				BUNDLE_LOADER = "$(BUILT_PRODUCTS_DIR)/NetworkLab.app/NetworkLab";
				FRAMEWORK_SEARCH_PATHS = (
					"$(SDKROOT)/Developer/Library/Frameworks",
					"$(inherited)",
					"$(DEVELOPER_FRAMEWORKS_DIR)",
				);
				GCC_PRECOMPILE_PREFIX_HEADER = YES;
				GCC_PREFIX_HEADER = "NetworkLab/NetworkLab-Prefix.pch";
				INFOPLIST_FILE = "NetworkLabTests/NetworkLabTests-Info.plist";
				PRODUCT_NAME = "$(TARGET_NAME)";
				TEST_HOST = "$(BUNDLE_LOADER)";
				WRAPPER_EXTENSION = xctest;
			};
			name = Release;
		};
/* End XCBuildConfiguration section */

/* Begin XCConfigurationList section */
		69B311AC193887220097C44A /* Build configuration list for PBXProject "NetworkLab" */ = {
			isa = XCConfigurationList;
			buildConfigurations = (
				69B311E4193887220097C44A /* Debug */,
				69B311E5193887220097C44A /* Release */,
			);
			defaultConfigurationIsVisible = 0;
			defaultConfigurationName = Release;
		};
		69B311E6193887220097C44A /* Build configuration list for PBXNativeTarget "NetworkLab" */ = {
			isa = XCConfigurationList;
			buildConfigurations = (
				69B311E7193887220097C44A /* Debug */,
				69B311E8193887220097C44A /* Release */,
			);
			defaultConfigurationIsVisible = 0;
		};
		69B311E9193887220097C44A /* Build configuration list for PBXNativeTarget "NetworkLabTests" */ = {
			isa = XCConfigurationList;
			buildConfigurations = (
				69B311EA193887220097C44A /* Debug */,
				69B311EB193887220097C44A /* Release */,
			);
			defaultConfigurationIsVisible = 0;
		};
/* End XCConfigurationList section */
	};
	rootObject = 69B311A9193887220097C44A /* Project object */;
}
